
Microsoft Visual Studio Solution File, Format Version 12.00
# Visual Studio Version 17
VisualStudioVersion = 17.0.31903.59
MinimumVisualStudioVersion = 10.0.40219.1
Project("{FAE04EC0-301F-11D3-BF4B-00C04F79EFBC}") = "API", "API\API.csproj", "{2E7FE725-04D6-4F3F-A8E0-CABC93022212}"
EndProject
Project("{FAE04EC0-301F-11D3-BF4B-00C04F79EFBC}") = "Application", "Application\Application.csproj", "{0BBB4805-1624-4F9B-ADF6-DB0A41E0B47E}"
EndProject
Project("{FAE04EC0-301F-11D3-BF4B-00C04F79EFBC}") = "Domain", "Domain\Domain.csproj", "{C1F6B81A-53E3-4DFB-B421-81F276F6E512}"
EndProject
Project("{FAE04EC0-301F-11D3-BF4B-00C04F79EFBC}") = "Persistence", "Persistence\Persistence.csproj", "{8F0C2416-DCD3-4298-AC3E-CA31E614E33B}"
EndProject
Global
	GlobalSection(SolutionConfigurationPlatforms) = preSolution
		Debug|Any CPU = Debug|Any CPU
		Release|Any CPU = Release|Any CPU
	EndGlobalSection
	GlobalSection(SolutionProperties) = preSolution
		HideSolutionNode = FALSE
	EndGlobalSection
	GlobalSection(ProjectConfigurationPlatforms) = postSolution
		{2E7FE725-04D6-4F3F-A8E0-CABC93022212}.Debug|Any CPU.ActiveCfg = Debug|Any CPU
		{2E7FE725-04D6-4F3F-A8E0-CABC93022212}.Debug|Any CPU.Build.0 = Debug|Any CPU
		{2E7FE725-04D6-4F3F-A8E0-CABC93022212}.Release|Any CPU.ActiveCfg = Release|Any CPU
		{2E7FE725-04D6-4F3F-A8E0-CABC93022212}.Release|Any CPU.Build.0 = Release|Any CPU
		{0BBB4805-1624-4F9B-ADF6-DB0A41E0B47E}.Debug|Any CPU.ActiveCfg = Debug|Any CPU
		{0BBB4805-1624-4F9B-ADF6-DB0A41E0B47E}.Debug|Any CPU.Build.0 = Debug|Any CPU
		{0BBB4805-1624-4F9B-ADF6-DB0A41E0B47E}.Release|Any CPU.ActiveCfg = Release|Any CPU
		{0BBB4805-1624-4F9B-ADF6-DB0A41E0B47E}.Release|Any CPU.Build.0 = Release|Any CPU
		{C1F6B81A-53E3-4DFB-B421-81F276F6E512}.Debug|Any CPU.ActiveCfg = Debug|Any CPU
		{C1F6B81A-53E3-4DFB-B421-81F276F6E512}.Debug|Any CPU.Build.0 = Debug|Any CPU
		{C1F6B81A-53E3-4DFB-B421-81F276F6E512}.Release|Any CPU.ActiveCfg = Release|Any CPU
		{C1F6B81A-53E3-4DFB-B421-81F276F6E512}.Release|Any CPU.Build.0 = Release|Any CPU
		{8F0C2416-DCD3-4298-AC3E-CA31E614E33B}.Debug|Any CPU.ActiveCfg = Debug|Any CPU
		{8F0C2416-DCD3-4298-AC3E-CA31E614E33B}.Debug|Any CPU.Build.0 = Debug|Any CPU
		{8F0C2416-DCD3-4298-AC3E-CA31E614E33B}.Release|Any CPU.ActiveCfg = Release|Any CPU
		{8F0C2416-DCD3-4298-AC3E-CA31E614E33B}.Release|Any CPU.Build.0 = Release|Any CPU
	EndGlobalSection
EndGlobal
